
Microsoft Visual Studio Solution File, Format Version 12.00
# Visual Studio Version 17
VisualStudioVersion = 17.2.32630.192
MinimumVisualStudioVersion = 10.0.40219.1
Project("{FAE04EC0-301F-11D3-BF4B-00C04F79EFBC}") = "SensorsControl.WebAPI", "SensorsControl.WebAPI\SensorsControl.WebAPI\SensorsControl.WebAPI.csproj", "{68E3AABA-2AED-4F29-BADA-BB0D099E20B9}"
EndProject
Project("{FAE04EC0-301F-11D3-BF4B-00C04F79EFBC}") = "SensorsControl.Services", "SensorsControl.Services\SensorsControl.Services\SensorsControl.Services.csproj", "{9A64C8F9-E107-4FAB-A77D-869E0A7AB8BB}"
EndProject
Project("{FAE04EC0-301F-11D3-BF4B-00C04F79EFBC}") = "SensorsControl.Repositories", "SensorsControl.Repositories\SensorsControl.Repositories\SensorsControl.Repositories.csproj", "{653873FE-8D59-4554-9CDE-B58B32D6B3C4}"
EndProject
Global
	GlobalSection(SolutionConfigurationPlatforms) = preSolution
		Debug|Any CPU = Debug|Any CPU
		Release|Any CPU = Release|Any CPU
	EndGlobalSection
	GlobalSection(ProjectConfigurationPlatforms) = postSolution
		{68E3AABA-2AED-4F29-BADA-BB0D099E20B9}.Debug|Any CPU.ActiveCfg = Debug|Any CPU
		{68E3AABA-2AED-4F29-BADA-BB0D099E20B9}.Debug|Any CPU.Build.0 = Debug|Any CPU
		{68E3AABA-2AED-4F29-BADA-BB0D099E20B9}.Release|Any CPU.ActiveCfg = Release|Any CPU
		{68E3AABA-2AED-4F29-BADA-BB0D099E20B9}.Release|Any CPU.Build.0 = Release|Any CPU
		{9A64C8F9-E107-4FAB-A77D-869E0A7AB8BB}.Debug|Any CPU.ActiveCfg = Debug|Any CPU
		{9A64C8F9-E107-4FAB-A77D-869E0A7AB8BB}.Debug|Any CPU.Build.0 = Debug|Any CPU
		{9A64C8F9-E107-4FAB-A77D-869E0A7AB8BB}.Release|Any CPU.ActiveCfg = Release|Any CPU
		{9A64C8F9-E107-4FAB-A77D-869E0A7AB8BB}.Release|Any CPU.Build.0 = Release|Any CPU
		{653873FE-8D59-4554-9CDE-B58B32D6B3C4}.Debug|Any CPU.ActiveCfg = Debug|Any CPU
		{653873FE-8D59-4554-9CDE-B58B32D6B3C4}.Debug|Any CPU.Build.0 = Debug|Any CPU
		{653873FE-8D59-4554-9CDE-B58B32D6B3C4}.Release|Any CPU.ActiveCfg = Release|Any CPU
		{653873FE-8D59-4554-9CDE-B58B32D6B3C4}.Release|Any CPU.Build.0 = Release|Any CPU
	EndGlobalSection
	GlobalSection(SolutionProperties) = preSolution
		HideSolutionNode = FALSE
	EndGlobalSection
	GlobalSection(ExtensibilityGlobals) = postSolution
		SolutionGuid = {8A7485A0-BD0F-4AA7-9237-E8CA0015D744}
	EndGlobalSection
EndGlobal
